// !$*UTF8*$!
{
	archiveVersion = 1;
	classes = {
	};
	objectVersion = 46;
	objects = {

/* Begin PBXBuildFile section */
		319E4916181BB3B100A13D20 /* main.cpp in Sources */ = {isa = PBXBuildFile; fileRef = 319E4915181BB3B100A13D20 /* main.cpp */; };
		319E4918181BB3B100A13D20 /* L0107CppInput.1 in CopyFiles */ = {isa = PBXBuildFile; fileRef = 319E4917181BB3B100A13D20 /* L0107CppInput.1 */; };
/* End PBXBuildFile section */

/* Begin PBXCopyFilesBuildPhase section */
		319E4910181BB3B100A13D20 /* CopyFiles */ = {
			isa = PBXCopyFilesBuildPhase;
			buildActionMask = 2147483647;
			dstPath = /usr/share/man/man1/;
			dstSubfolderSpec = 0;
			files = (
				319E4918181BB3B100A13D20 /* L0107CppInput.1 in CopyFiles */,
			);
			runOnlyForDeploymentPostprocessing = 1;
		};
/* End PBXCopyFilesBuildPhase section */

/* Begin PBXFileReference section */
		319E4912181BB3B100A13D20 /* L0107CppInput */ = {isa = PBXFileReference; explicitFileType = "compiled.mach-o.executable"; includeInIndex = 0; path = L0107CppInput; sourceTree = BUILT_PRODUCTS_DIR; };
		319E4915181BB3B100A13D20 /* main.cpp */ = {isa = PBXFileReference; lastKnownFileType = sourcecode.cpp.cpp; path = main.cpp; sourceTree = "<group>"; };
		319E4917181BB3B100A13D20 /* L0107CppInput.1 */ = {isa = PBXFileReference; lastKnownFileType = text.man; path = L0107CppInput.1; sourceTree = "<group>"; };
/* End PBXFileReference section */

/* Begin PBXFrameworksBuildPhase section */
		319E490F181BB3B100A13D20 /* Frameworks */ = {
			isa = PBXFrameworksBuildPhase;
			buildActionMask = 2147483647;
			files = (
			);
			runOnlyForDeploymentPostprocessing = 0;
		};
/* End PBXFrameworksBuildPhase section */

/* Begin PBXGroup section */
		319E4909181BB3B100A13D20 = {
			isa = PBXGroup;
			children = (
				319E4914181BB3B100A13D20 /* L0107CppInput */,
				319E4913181BB3B100A13D20 /* Products */,
			);
			sourceTree = "<group>";
		};
		319E4913181BB3B100A13D20 /* Products */ = {
			isa = PBXGroup;
			children = (
				319E4912181BB3B100A13D20 /* L0107CppInput */,
			);
			name = Products;
			sourceTree = "<group>";
		};
		319E4914181BB3B100A13D20 /* L0107CppInput */ = {
			isa = PBXGroup;
			children = (
				319E4915181BB3B100A13D20 /* main.cpp */,
				319E4917181BB3B100A13D20 /* L0107CppInput.1 */,
			);
			path = L0107CppInput;
			sourceTree = "<group>";
		};
/* End PBXGroup section */

/* Begin PBXNativeTarget section */
		319E4911181BB3B100A13D20 /* L0107CppInput */ = {
			isa = PBXNativeTarget;
			buildConfigurationList = 319E491B181BB3B100A13D20 /* Build configuration list for PBXNativeTarget "L0107CppInput" */;
			buildPhases = (
				319E490E181BB3B100A13D20 /* Sources */,
				319E490F181BB3B100A13D20 /* Frameworks */,
				319E4910181BB3B100A13D20 /* CopyFiles */,
			);
			buildRules = (
			);
			dependencies = (
			);
			name = L0107CppInput;
			productName = L0107CppInput;
			productReference = 319E4912181BB3B100A13D20 /* L0107CppInput */;
			productType = "com.apple.product-type.tool";
		};
/* End PBXNativeTarget section */

/* Begin PBXProject section */
		319E490A181BB3B100A13D20 /* Project object */ = {
			isa = PBXProject;
			attributes = {
				LastUpgradeCheck = 0500;
				ORGANIZATIONNAME = plter;
			};
			buildConfigurationList = 319E490D181BB3B100A13D20 /* Build configuration list for PBXProject "L0107CppInput" */;
			compatibilityVersion = "Xcode 3.2";
			developmentRegion = English;
			hasScannedForEncodings = 0;
			knownRegions = (
				en,
			);
			mainGroup = 319E4909181BB3B100A13D20;
			productRefGroup = 319E4913181BB3B100A13D20 /* Products */;
			projectDirPath = "";
			projectRoot = "";
			targets = (
				319E4911181BB3B100A13D20 /* L0107CppInput */,
			);
		};
/* End PBXProject section */

/* Begin PBXSourcesBuildPhase section */
		319E490E181BB3B100A13D20 /* Sources */ = {
			isa = PBXSourcesBuildPhase;
			buildActionMask = 2147483647;
			files = (
				319E4916181BB3B100A13D20 /* main.cpp in Sources */,
			);
			runOnlyForDeploymentPostprocessing = 0;
		};
/* End PBXSourcesBuildPhase section */

/* Begin XCBuildConfiguration section */
		319E4919181BB3B100A13D20 /* Debug */ = {
			isa = XCBuildConfiguration;
			buildSettings = {
				ALWAYS_SEARCH_USER_PATHS = NO;
				CLANG_CXX_LANGUAGE_STANDARD = "gnu++0x";
				CLANG_CXX_LIBRARY = "libc++";
				CLANG_ENABLE_OBJC_ARC = YES;
				CLANG_WARN_BOOL_CONVERSION = YES;
				CLANG_WARN_CONSTANT_CONVERSION = YES;
				CLANG_WARN_DIRECT_OBJC_ISA_USAGE = YES_ERROR;
				CLANG_WARN_EMPTY_BODY = YES;
				CLANG_WARN_ENUM_CONVERSION = YES;
				CLANG_WARN_INT_CONVERSION = YES;
				CLANG_WARN_OBJC_ROOT_CLASS = YES_ERROR;
				CLANG_WARN__DUPLICATE_METHOD_MATCH = YES;
				COPY_PHASE_STRIP = NO;
				GCC_C_LANGUAGE_STANDARD = gnu99;
				GCC_DYNAMIC_NO_PIC = NO;
				GCC_ENABLE_OBJC_EXCEPTIONS = YES;
				GCC_OPTIMIZATION_LEVEL = 0;
				GCC_PREPROCESSOR_DEFINITIONS = (
					"DEBUG=1",
					"$(inherited)",
				);
				GCC_SYMBOLS_PRIVATE_EXTERN = NO;
				GCC_WARN_64_TO_32_BIT_CONVERSION = YES;
				GCC_WARN_ABOUT_RETURN_TYPE = YES_ERROR;
				GCC_WARN_UNDECLARED_SELECTOR = YES;
				GCC_WARN_UNINITIALIZED_AUTOS = YES;
				GCC_WARN_UNUSED_FUNCTION = YES;
				GCC_WARN_UNUSED_VARIABLE = YES;
				MACOSX_DEPLOYMENT_TARGET = 10.9;
				ONLY_ACTIVE_ARCH = YES;
				SDKROOT = macosx;
			};
			name = Debug;
		};
		319E491A181BB3B100A13D20 /* Release */ = {
			isa = XCBuildConfiguration;
			buildSettings = {
				ALWAYS_SEARCH_USER_PATHS = NO;
				CLANG_CXX_LANGUAGE_STANDARD = "gnu++0x";
				CLANG_CXX_LIBRARY = "libc++";
				CLANG_ENABLE_OBJC_ARC = YES;
				CLANG_WARN_BOOL_CONVERSION = YES;
				CLANG_WARN_CONSTANT_CONVERSION = YES;
				CLANG_WARN_DIRECT_OBJC_ISA_USAGE = YES_ERROR;
				CLANG_WARN_EMPTY_BODY = YES;
				CLANG_WARN_ENUM_CONVERSION = YES;
				CLANG_WARN_INT_CONVERSION = YES;
				CLANG_WARN_OBJC_ROOT_CLASS = YES_ERROR;
				CLANG_WARN__DUPLICATE_METHOD_MATCH = YES;
				COPY_PHASE_STRIP = YES;
				DEBUG_INFORMATION_FORMAT = "dwarf-with-dsym";
				ENABLE_NS_ASSERTIONS = NO;
				GCC_C_LANGUAGE_STANDARD = gnu99;
				GCC_ENABLE_OBJC_EXCEPTIONS = YES;
				GCC_WARN_64_TO_32_BIT_CONVERSION = YES;
				GCC_WARN_ABOUT_RETURN_TYPE = YES_ERROR;
				GCC_WARN_UNDECLARED_SELECTOR = YES;
				GCC_WARN_UNINITIALIZED_AUTOS = YES;
				GCC_WARN_UNUSED_FUNCTION = YES;
				GCC_WARN_UNUSED_VARIABLE = YES;
				MACOSX_DEPLOYMENT_TARGET = 10.9;
				SDKROOT = macosx;
			};
			name = Release;
		};
		319E491C181BB3B100A13D20 /* Debug */ = {
			isa = XCBuildConfiguration;
			buildSettings = {
				PRODUCT_NAME = "$(TARGET_NAME)";
			};
			name = Debug;
		};
		319E491D181BB3B100A13D20 /* Release */ = {
			isa = XCBuildConfiguration;
			buildSettings = {
				PRODUCT_NAME = "$(TARGET_NAME)";
			};
			name = Release;
		};
/* End XCBuildConfiguration section */

/* Begin XCConfigurationList section */
		319E490D181BB3B100A13D20 /* Build configuration list for PBXProject "L0107CppInput" */ = {
			isa = XCConfigurationList;
			buildConfigurations = (
				319E4919181BB3B100A13D20 /* Debug */,
				319E491A181BB3B100A13D20 /* Release */,
			);
			defaultConfigurationIsVisible = 0;
			defaultConfigurationName = Release;
		};
		319E491B181BB3B100A13D20 /* Build configuration list for PBXNativeTarget "L0107CppInput" */ = {
			isa = XCConfigurationList;
			buildConfigurations = (
				319E491C181BB3B100A13D20 /* Debug */,
				319E491D181BB3B100A13D20 /* Release */,
			);
			defaultConfigurationIsVisible = 0;
		};
/* End XCConfigurationList section */
	};
	rootObject = 319E490A181BB3B100A13D20 /* Project object */;
}
